PODS:
  - DJI-SDK-iOS (4.5.2)
  - DJI-UXSDK-iOS (4.5.1)

DEPENDENCIES:
  - DJI-SDK-iOS (~> 4.5.2)
  - DJI-UXSDK-iOS (~> 4.5.1)

SPEC REPOS:
  https://github.com/cocoapods/specs.git:
    - DJI-SDK-iOS
    - DJI-UXSDK-iOS

SPEC CHECKSUMS:
  DJI-SDK-iOS: cecb1ba58ed53cdd9cdaa61aca72b41a5209f802
  DJI-UXSDK-iOS: 9234ccb663dde92a88c4e3836c313e982d488afd

PODFILE CHECKSUM: 20683e7bc9439d6579782e7cd84010aa3fbef292

COCOAPODS: 1.5.3
